
Microsoft Visual Studio Solution File, Format Version 12.00
# Visual Studio Version 17
VisualStudioVersion = 17.3.32825.248
MinimumVisualStudioVersion = 10.0.40219.1
Project("{FAE04EC0-301F-11D3-BF4B-00C04F79EFBC}") = "Cress", "Cress.csproj", "{19450B20-4B00-403A-B199-5058B8D7334C}"
EndProject
Global
	GlobalSection(SolutionConfigurationPlatforms) = preSolution
		Debug|Any CPU = Debug|Any CPU
		Release|Any CPU = Release|Any CPU
	EndGlobalSection
	GlobalSection(ProjectConfigurationPlatforms) = postSolution
		{19450B20-4B00-403A-B199-5058B8D7334C}.Debug|Any CPU.ActiveCfg = Debug|Any CPU
		{19450B20-4B00-403A-B199-5058B8D7334C}.Debug|Any CPU.Build.0 = Debug|Any CPU
		{19450B20-4B00-403A-B199-5058B8D7334C}.Release|Any CPU.ActiveCfg = Release|Any CPU
		{19450B20-4B00-403A-B199-5058B8D7334C}.Release|Any CPU.Build.0 = Release|Any CPU
	EndGlobalSection
	GlobalSection(SolutionProperties) = preSolution
		HideSolutionNode = FALSE
	EndGlobalSection
	GlobalSection(ExtensibilityGlobals) = postSolution
		SolutionGuid = {E50B2FCF-D1DB-4785-8579-BC171D29C737}
	EndGlobalSection
EndGlobal
